// !$*UTF8*$!
{
	archiveVersion = 1;
	classes = {
	};
	objectVersion = 50;
	objects = {

/* Begin PBXBuildFile section */
		7B631ADE23720C7B00E96734 /* AppDelegate.swift in Sources */ = {isa = PBXBuildFile; fileRef = 7B631ADD23720C7B00E96734 /* AppDelegate.swift */; };
		7B631AE223720C7B00E96734 /* ViewController.swift in Sources */ = {isa = PBXBuildFile; fileRef = 7B631AE123720C7B00E96734 /* ViewController.swift */; };
		7B631AE523720C7B00E96734 /* Main.storyboard in Resources */ = {isa = PBXBuildFile; fileRef = 7B631AE323720C7B00E96734 /* Main.storyboard */; };
		7B631AE723720C7C00E96734 /* Assets.xcassets in Resources */ = {isa = PBXBuildFile; fileRef = 7B631AE623720C7C00E96734 /* Assets.xcassets */; };
		7B631AEA23720C7C00E96734 /* LaunchScreen.storyboard in Resources */ = {isa = PBXBuildFile; fileRef = 7B631AE823720C7C00E96734 /* LaunchScreen.storyboard */; };
		7B631AF523720C7D00E96734 /* Upcoming_EventsTests.swift in Sources */ = {isa = PBXBuildFile; fileRef = 7B631AF423720C7D00E96734 /* Upcoming_EventsTests.swift */; };
		7B631B0023720C9500E96734 /* mock.json in Resources */ = {isa = PBXBuildFile; fileRef = 7B631AFF23720C9500E96734 /* mock.json */; };
		7B631B0323720CD300E96734 /* Event.swift in Sources */ = {isa = PBXBuildFile; fileRef = 7B631B0223720CD300E96734 /* Event.swift */; };
		7B631B0523721E8100E96734 /* EventsAPI.swift in Sources */ = {isa = PBXBuildFile; fileRef = 7B631B0423721E8100E96734 /* EventsAPI.swift */; };
		7B631B07237242A900E96734 /* DateUtilities.swift in Sources */ = {isa = PBXBuildFile; fileRef = 7B631B06237242A900E96734 /* DateUtilities.swift */; };
		7B631B0A2373026900E96734 /* EventCell.swift in Sources */ = {isa = PBXBuildFile; fileRef = 7B631B092373026900E96734 /* EventCell.swift */; };
		7B631B0C23738AEB00E96734 /* EventHeaderView.swift in Sources */ = {isa = PBXBuildFile; fileRef = 7B631B0B23738AEB00E96734 /* EventHeaderView.swift */; };
		7B631B0F2373D36B00E96734 /* SceneDelegate.swift in Sources */ = {isa = PBXBuildFile; fileRef = 7B631B0E2373D36B00E96734 /* SceneDelegate.swift */; };
/* End PBXBuildFile section */

/* Begin PBXContainerItemProxy section */
		7B631AF123720C7D00E96734 /* PBXContainerItemProxy */ = {
			isa = PBXContainerItemProxy;
			containerPortal = 7B631AD223720C7B00E96734 /* Project object */;
			proxyType = 1;
			remoteGlobalIDString = 7B631AD923720C7B00E96734;
			remoteInfo = "Upcoming Events";
		};
/* End PBXContainerItemProxy section */

/* Begin PBXFileReference section */
		7B631ADA23720C7B00E96734 /* Events by Facebook.app */ = {isa = PBXFileReference; explicitFileType = wrapper.application; includeInIndex = 0; path = "Events by Facebook.app"; sourceTree = BUILT_PRODUCTS_DIR; };
		7B631ADD23720C7B00E96734 /* AppDelegate.swift */ = {isa = PBXFileReference; lastKnownFileType = sourcecode.swift; path = AppDelegate.swift; sourceTree = "<group>"; };
		7B631AE123720C7B00E96734 /* ViewController.swift */ = {isa = PBXFileReference; lastKnownFileType = sourcecode.swift; path = ViewController.swift; sourceTree = "<group>"; };
		7B631AE423720C7B00E96734 /* Base */ = {isa = PBXFileReference; lastKnownFileType = file.storyboard; name = Base; path = Base.lproj/Main.storyboard; sourceTree = "<group>"; };
		7B631AE623720C7C00E96734 /* Assets.xcassets */ = {isa = PBXFileReference; lastKnownFileType = folder.assetcatalog; path = Assets.xcassets; sourceTree = "<group>"; };
		7B631AE923720C7C00E96734 /* Base */ = {isa = PBXFileReference; lastKnownFileType = file.storyboard; name = Base; path = Base.lproj/LaunchScreen.storyboard; sourceTree = "<group>"; };
		7B631AEB23720C7C00E96734 /* Info.plist */ = {isa = PBXFileReference; lastKnownFileType = text.plist.xml; path = Info.plist; sourceTree = "<group>"; };
		7B631AF023720C7D00E96734 /* Upcoming EventsTests.xctest */ = {isa = PBXFileReference; explicitFileType = wrapper.cfbundle; includeInIndex = 0; path = "Upcoming EventsTests.xctest"; sourceTree = BUILT_PRODUCTS_DIR; };
		7B631AF423720C7D00E96734 /* Upcoming_EventsTests.swift */ = {isa = PBXFileReference; lastKnownFileType = sourcecode.swift; path = Upcoming_EventsTests.swift; sourceTree = "<group>"; };
		7B631AF623720C7D00E96734 /* Info.plist */ = {isa = PBXFileReference; lastKnownFileType = text.plist.xml; path = Info.plist; sourceTree = "<group>"; };
		7B631AFF23720C9500E96734 /* mock.json */ = {isa = PBXFileReference; fileEncoding = 4; lastKnownFileType = text.json; path = mock.json; sourceTree = "<group>"; };
		7B631B0223720CD300E96734 /* Event.swift */ = {isa = PBXFileReference; lastKnownFileType = sourcecode.swift; path = Event.swift; sourceTree = "<group>"; };
		7B631B0423721E8100E96734 /* EventsAPI.swift */ = {isa = PBXFileReference; lastKnownFileType = sourcecode.swift; path = EventsAPI.swift; sourceTree = "<group>"; };
		7B631B06237242A900E96734 /* DateUtilities.swift */ = {isa = PBXFileReference; lastKnownFileType = sourcecode.swift; path = DateUtilities.swift; sourceTree = "<group>"; };
		7B631B092373026900E96734 /* EventCell.swift */ = {isa = PBXFileReference; lastKnownFileType = sourcecode.swift; path = EventCell.swift; sourceTree = "<group>"; };
		7B631B0B23738AEB00E96734 /* EventHeaderView.swift */ = {isa = PBXFileReference; lastKnownFileType = sourcecode.swift; path = EventHeaderView.swift; sourceTree = "<group>"; };
		7B631B0E2373D36B00E96734 /* SceneDelegate.swift */ = {isa = PBXFileReference; fileEncoding = 4; lastKnownFileType = sourcecode.swift; path = SceneDelegate.swift; sourceTree = "<group>"; };
/* End PBXFileReference section */

/* Begin PBXFrameworksBuildPhase section */
		7B631AD723720C7B00E96734 /* Frameworks */ = {
			isa = PBXFrameworksBuildPhase;
			buildActionMask = 2147483647;
			files = (
			);
			runOnlyForDeploymentPostprocessing = 0;
		};
		7B631AED23720C7D00E96734 /* Frameworks */ = {
			isa = PBXFrameworksBuildPhase;
			buildActionMask = 2147483647;
			files = (
			);
			runOnlyForDeploymentPostprocessing = 0;
		};
/* End PBXFrameworksBuildPhase section */

/* Begin PBXGroup section */
		7B631AD123720C7B00E96734 = {
			isa = PBXGroup;
			children = (
				7B631ADC23720C7B00E96734 /* Upcoming Events */,
				7B631AF323720C7D00E96734 /* Upcoming EventsTests */,
				7B631ADB23720C7B00E96734 /* Products */,
			);
			sourceTree = "<group>";
		};
		7B631ADB23720C7B00E96734 /* Products */ = {
			isa = PBXGroup;
			children = (
				7B631ADA23720C7B00E96734 /* Events by Facebook.app */,
				7B631AF023720C7D00E96734 /* Upcoming EventsTests.xctest */,
			);
			name = Products;
			sourceTree = "<group>";
		};
		7B631ADC23720C7B00E96734 /* Upcoming Events */ = {
			isa = PBXGroup;
			children = (
				7B631B0123720CA300E96734 /* Events API */,
				7B631B102373D3BF00E96734 /* Controllers */,
				7B631B082373023600E96734 /* Views */,
				7B631ADD23720C7B00E96734 /* AppDelegate.swift */,
				7B631B0E2373D36B00E96734 /* SceneDelegate.swift */,
				7B631AE323720C7B00E96734 /* Main.storyboard */,
				7B631AE623720C7C00E96734 /* Assets.xcassets */,
				7B631AE823720C7C00E96734 /* LaunchScreen.storyboard */,
				7B631AEB23720C7C00E96734 /* Info.plist */,
			);
			path = "Upcoming Events";
			sourceTree = "<group>";
		};
		7B631AF323720C7D00E96734 /* Upcoming EventsTests */ = {
			isa = PBXGroup;
			children = (
				7B631AF423720C7D00E96734 /* Upcoming_EventsTests.swift */,
				7B631AF623720C7D00E96734 /* Info.plist */,
			);
			path = "Upcoming EventsTests";
			sourceTree = "<group>";
		};
		7B631B0123720CA300E96734 /* Events API */ = {
			isa = PBXGroup;
			children = (
				7B631B0D2373D22200E96734 /* Models */,
				7B631B112373D43300E96734 /* Data */,
				7B631B0423721E8100E96734 /* EventsAPI.swift */,
				7B631B06237242A900E96734 /* DateUtilities.swift */,
			);
			path = "Events API";
			sourceTree = "<group>";
		};
		7B631B082373023600E96734 /* Views */ = {
			isa = PBXGroup;
			children = (
				7B631B092373026900E96734 /* EventCell.swift */,
				7B631B0B23738AEB00E96734 /* EventHeaderView.swift */,
			);
			path = Views;
			sourceTree = "<group>";
		};
		7B631B0D2373D22200E96734 /* Models */ = {
			isa = PBXGroup;
			children = (
				7B631B0223720CD300E96734 /* Event.swift */,
			);
			path = Models;
			sourceTree = "<group>";
		};
		7B631B102373D3BF00E96734 /* Controllers */ = {
			isa = PBXGroup;
			children = (
				7B631AE123720C7B00E96734 /* ViewController.swift */,
			);
			path = Controllers;
			sourceTree = "<group>";
		};
		7B631B112373D43300E96734 /* Data */ = {
			isa = PBXGroup;
			children = (
				7B631AFF23720C9500E96734 /* mock.json */,
			);
			path = Data;
			sourceTree = "<group>";
		};
/* End PBXGroup section */

/* Begin PBXNativeTarget section */
		7B631AD923720C7B00E96734 /* Upcoming Events */ = {
			isa = PBXNativeTarget;
			buildConfigurationList = 7B631AF923720C7D00E96734 /* Build configuration list for PBXNativeTarget "Upcoming Events" */;
			buildPhases = (
				7B631AD623720C7B00E96734 /* Sources */,
				7B631AD723720C7B00E96734 /* Frameworks */,
				7B631AD823720C7B00E96734 /* Resources */,
			);
			buildRules = (
			);
			dependencies = (
			);
			name = "Upcoming Events";
			productName = "Upcoming Events";
			productReference = 7B631ADA23720C7B00E96734 /* Events by Facebook.app */;
			productType = "com.apple.product-type.application";
		};
		7B631AEF23720C7D00E96734 /* Upcoming EventsTests */ = {
			isa = PBXNativeTarget;
			buildConfigurationList = 7B631AFC23720C7D00E96734 /* Build configuration list for PBXNativeTarget "Upcoming EventsTests" */;
			buildPhases = (
				7B631AEC23720C7D00E96734 /* Sources */,
				7B631AED23720C7D00E96734 /* Frameworks */,
				7B631AEE23720C7D00E96734 /* Resources */,
			);
			buildRules = (
			);
			dependencies = (
				7B631AF223720C7D00E96734 /* PBXTargetDependency */,
			);
			name = "Upcoming EventsTests";
			productName = "Upcoming EventsTests";
			productReference = 7B631AF023720C7D00E96734 /* Upcoming EventsTests.xctest */;
			productType = "com.apple.product-type.bundle.unit-test";
		};
/* End PBXNativeTarget section */

/* Begin PBXProject section */
		7B631AD223720C7B00E96734 /* Project object */ = {
			isa = PBXProject;
			attributes = {
				LastSwiftUpdateCheck = 1120;
				LastUpgradeCheck = 1120;
				ORGANIZATIONNAME = "Pritesh Desai";
				TargetAttributes = {
					7B631AD923720C7B00E96734 = {
						CreatedOnToolsVersion = 11.2;
					};
					7B631AEF23720C7D00E96734 = {
						CreatedOnToolsVersion = 11.2;
						TestTargetID = 7B631AD923720C7B00E96734;
					};
				};
			};
			buildConfigurationList = 7B631AD523720C7B00E96734 /* Build configuration list for PBXProject "Upcoming Events" */;
			compatibilityVersion = "Xcode 9.3";
			developmentRegion = en;
			hasScannedForEncodings = 0;
			knownRegions = (
				en,
				Base,
			);
			mainGroup = 7B631AD123720C7B00E96734;
			productRefGroup = 7B631ADB23720C7B00E96734 /* Products */;
			projectDirPath = "";
			projectRoot = "";
			targets = (
				7B631AD923720C7B00E96734 /* Upcoming Events */,
				7B631AEF23720C7D00E96734 /* Upcoming EventsTests */,
			);
		};
/* End PBXProject section */

/* Begin PBXResourcesBuildPhase section */
		7B631AD823720C7B00E96734 /* Resources */ = {
			isa = PBXResourcesBuildPhase;
			buildActionMask = 2147483647;
			files = (
				7B631AEA23720C7C00E96734 /* LaunchScreen.storyboard in Resources */,
				7B631AE723720C7C00E96734 /* Assets.xcassets in Resources */,
				7B631AE523720C7B00E96734 /* Main.storyboard in Resources */,
				7B631B0023720C9500E96734 /* mock.json in Resources */,
			);
			runOnlyForDeploymentPostprocessing = 0;
		};
		7B631AEE23720C7D00E96734 /* Resources */ = {
			isa = PBXResourcesBuildPhase;
			buildActionMask = 2147483647;
			files = (
			);
			runOnlyForDeploymentPostprocessing = 0;
		};
/* End PBXResourcesBuildPhase section */

/* Begin PBXSourcesBuildPhase section */
		7B631AD623720C7B00E96734 /* Sources */ = {
			isa = PBXSourcesBuildPhase;
			buildActionMask = 2147483647;
			files = (
				7B631B07237242A900E96734 /* DateUtilities.swift in Sources */,
				7B631B0523721E8100E96734 /* EventsAPI.swift in Sources */,
				7B631B0323720CD300E96734 /* Event.swift in Sources */,
				7B631AE223720C7B00E96734 /* ViewController.swift in Sources */,
				7B631ADE23720C7B00E96734 /* AppDelegate.swift in Sources */,
				7B631B0C23738AEB00E96734 /* EventHeaderView.swift in Sources */,
				7B631B0A2373026900E96734 /* EventCell.swift in Sources */,
				7B631B0F2373D36B00E96734 /* SceneDelegate.swift in Sources */,
			);
			runOnlyForDeploymentPostprocessing = 0;
		};
		7B631AEC23720C7D00E96734 /* Sources */ = {
			isa = PBXSourcesBuildPhase;
			buildActionMask = 2147483647;
			files = (
				7B631AF523720C7D00E96734 /* Upcoming_EventsTests.swift in Sources */,
			);
			runOnlyForDeploymentPostprocessing = 0;
		};
/* End PBXSourcesBuildPhase section */

/* Begin PBXTargetDependency section */
		7B631AF223720C7D00E96734 /* PBXTargetDependency */ = {
			isa = PBXTargetDependency;
			target = 7B631AD923720C7B00E96734 /* Upcoming Events */;
			targetProxy = 7B631AF123720C7D00E96734 /* PBXContainerItemProxy */;
		};
/* End PBXTargetDependency section */

/* Begin PBXVariantGroup section */
		7B631AE323720C7B00E96734 /* Main.storyboard */ = {
			isa = PBXVariantGroup;
			children = (
				7B631AE423720C7B00E96734 /* Base */,
			);
			name = Main.storyboard;
			sourceTree = "<group>";
		};
		7B631AE823720C7C00E96734 /* LaunchScreen.storyboard */ = {
			isa = PBXVariantGroup;
			children = (
				7B631AE923720C7C00E96734 /* Base */,
			);
			name = LaunchScreen.storyboard;
			sourceTree = "<group>";
		};
/* End PBXVariantGroup section */

/* Begin XCBuildConfiguration section */
		7B631AF723720C7D00E96734 /* Debug */ = {
			isa = XCBuildConfiguration;
			buildSettings = {
				ALWAYS_SEARCH_USER_PATHS = NO;
				CLANG_ANALYZER_NONNULL = YES;
				CLANG_ANALYZER_NUMBER_OBJECT_CONVERSION = YES_AGGRESSIVE;
				CLANG_CXX_LANGUAGE_STANDARD = "gnu++14";
				CLANG_CXX_LIBRARY = "libc++";
				CLANG_ENABLE_MODULES = YES;
				CLANG_ENABLE_OBJC_ARC = YES;
				CLANG_ENABLE_OBJC_WEAK = YES;
				CLANG_WARN_BLOCK_CAPTURE_AUTORELEASING = YES;
				CLANG_WARN_BOOL_CONVERSION = YES;
				CLANG_WARN_COMMA = YES;
				CLANG_WARN_CONSTANT_CONVERSION = YES;
				CLANG_WARN_DEPRECATED_OBJC_IMPLEMENTATIONS = YES;
				CLANG_WARN_DIRECT_OBJC_ISA_USAGE = YES_ERROR;
				CLANG_WARN_DOCUMENTATION_COMMENTS = YES;
				CLANG_WARN_EMPTY_BODY = YES;
				CLANG_WARN_ENUM_CONVERSION = YES;
				CLANG_WARN_INFINITE_RECURSION = YES;
				CLANG_WARN_INT_CONVERSION = YES;
				CLANG_WARN_NON_LITERAL_NULL_CONVERSION = YES;
				CLANG_WARN_OBJC_IMPLICIT_RETAIN_SELF = YES;
				CLANG_WARN_OBJC_LITERAL_CONVERSION = YES;
				CLANG_WARN_OBJC_ROOT_CLASS = YES_ERROR;
				CLANG_WARN_RANGE_LOOP_ANALYSIS = YES;
				CLANG_WARN_STRICT_PROTOTYPES = YES;
				CLANG_WARN_SUSPICIOUS_MOVE = YES;
				CLANG_WARN_UNGUARDED_AVAILABILITY = YES_AGGRESSIVE;
				CLANG_WARN_UNREACHABLE_CODE = YES;
				CLANG_WARN__DUPLICATE_METHOD_MATCH = YES;
				COPY_PHASE_STRIP = NO;
				DEBUG_INFORMATION_FORMAT = dwarf;
				ENABLE_STRICT_OBJC_MSGSEND = YES;
				ENABLE_TESTABILITY = YES;
				GCC_C_LANGUAGE_STANDARD = gnu11;
				GCC_DYNAMIC_NO_PIC = NO;
				GCC_NO_COMMON_BLOCKS = YES;
				GCC_OPTIMIZATION_LEVEL = 0;
				GCC_PREPROCESSOR_DEFINITIONS = (
					"DEBUG=1",
					"$(inherited)",
				);
				GCC_WARN_64_TO_32_BIT_CONVERSION = YES;
				GCC_WARN_ABOUT_RETURN_TYPE = YES_ERROR;
				GCC_WARN_UNDECLARED_SELECTOR = YES;
				GCC_WARN_UNINITIALIZED_AUTOS = YES_AGGRESSIVE;
				GCC_WARN_UNUSED_FUNCTION = YES;
				GCC_WARN_UNUSED_VARIABLE = YES;
				IPHONEOS_DEPLOYMENT_TARGET = 12.1;
				MTL_ENABLE_DEBUG_INFO = INCLUDE_SOURCE;
				MTL_FAST_MATH = YES;
				ONLY_ACTIVE_ARCH = YES;
				SDKROOT = iphoneos;
				SWIFT_ACTIVE_COMPILATION_CONDITIONS = DEBUG;
				SWIFT_OPTIMIZATION_LEVEL = "-Onone";
			};
			name = Debug;
		};
		7B631AF823720C7D00E96734 /* Release */ = {
			isa = XCBuildConfiguration;
			buildSettings = {
				ALWAYS_SEARCH_USER_PATHS = NO;
				CLANG_ANALYZER_NONNULL = YES;
				CLANG_ANALYZER_NUMBER_OBJECT_CONVERSION = YES_AGGRESSIVE;
				CLANG_CXX_LANGUAGE_STANDARD = "gnu++14";
				CLANG_CXX_LIBRARY = "libc++";
				CLANG_ENABLE_MODULES = YES;
				CLANG_ENABLE_OBJC_ARC = YES;
				CLANG_ENABLE_OBJC_WEAK = YES;
				CLANG_WARN_BLOCK_CAPTURE_AUTORELEASING = YES;
				CLANG_WARN_BOOL_CONVERSION = YES;
				CLANG_WARN_COMMA = YES;
				CLANG_WARN_CONSTANT_CONVERSION = YES;
				CLANG_WARN_DEPRECATED_OBJC_IMPLEMENTATIONS = YES;
				CLANG_WARN_DIRECT_OBJC_ISA_USAGE = YES_ERROR;
				CLANG_WARN_DOCUMENTATION_COMMENTS = YES;
				CLANG_WARN_EMPTY_BODY = YES;
				CLANG_WARN_ENUM_CONVERSION = YES;
				CLANG_WARN_INFINITE_RECURSION = YES;
				CLANG_WARN_INT_CONVERSION = YES;
				CLANG_WARN_NON_LITERAL_NULL_CONVERSION = YES;
				CLANG_WARN_OBJC_IMPLICIT_RETAIN_SELF = YES;
				CLANG_WARN_OBJC_LITERAL_CONVERSION = YES;
				CLANG_WARN_OBJC_ROOT_CLASS = YES_ERROR;
				CLANG_WARN_RANGE_LOOP_ANALYSIS = YES;
				CLANG_WARN_STRICT_PROTOTYPES = YES;
				CLANG_WARN_SUSPICIOUS_MOVE = YES;
				CLANG_WARN_UNGUARDED_AVAILABILITY = YES_AGGRESSIVE;
				CLANG_WARN_UNREACHABLE_CODE = YES;
				CLANG_WARN__DUPLICATE_METHOD_MATCH = YES;
				COPY_PHASE_STRIP = NO;
				DEBUG_INFORMATION_FORMAT = "dwarf-with-dsym";
				ENABLE_NS_ASSERTIONS = NO;
				ENABLE_STRICT_OBJC_MSGSEND = YES;
				GCC_C_LANGUAGE_STANDARD = gnu11;
				GCC_NO_COMMON_BLOCKS = YES;
				GCC_WARN_64_TO_32_BIT_CONVERSION = YES;
				GCC_WARN_ABOUT_RETURN_TYPE = YES_ERROR;
				GCC_WARN_UNDECLARED_SELECTOR = YES;
				GCC_WARN_UNINITIALIZED_AUTOS = YES_AGGRESSIVE;
				GCC_WARN_UNUSED_FUNCTION = YES;
				GCC_WARN_UNUSED_VARIABLE = YES;
				IPHONEOS_DEPLOYMENT_TARGET = 12.1;
				MTL_ENABLE_DEBUG_INFO = NO;
				MTL_FAST_MATH = YES;
				SDKROOT = iphoneos;
				SWIFT_COMPILATION_MODE = wholemodule;
				SWIFT_OPTIMIZATION_LEVEL = "-O";
				VALIDATE_PRODUCT = YES;
			};
			name = Release;
		};
		7B631AFA23720C7D00E96734 /* Debug */ = {
			isa = XCBuildConfiguration;
			buildSettings = {
				ASSETCATALOG_COMPILER_APPICON_NAME = AppIcon;
				CODE_SIGN_STYLE = Automatic;
				DEVELOPMENT_TEAM = 845286AR5X;
				INFOPLIST_FILE = "Upcoming Events/Info.plist";
				LD_RUNPATH_SEARCH_PATHS = (
					"$(inherited)",
					"@executable_path/Frameworks",
				);
				PRODUCT_BUNDLE_IDENTIFIER = "com.facebook.Upcoming-Events";
				PRODUCT_NAME = "Events by Facebook";
				SWIFT_VERSION = 5.0;
				TARGETED_DEVICE_FAMILY = "1,2";
			};
			name = Debug;
		};
		7B631AFB23720C7D00E96734 /* Release */ = {
			isa = XCBuildConfiguration;
			buildSettings = {
				ASSETCATALOG_COMPILER_APPICON_NAME = AppIcon;
				CODE_SIGN_STYLE = Automatic;
				DEVELOPMENT_TEAM = 845286AR5X;
				INFOPLIST_FILE = "Upcoming Events/Info.plist";
				LD_RUNPATH_SEARCH_PATHS = (
					"$(inherited)",
					"@executable_path/Frameworks",
				);
				PRODUCT_BUNDLE_IDENTIFIER = "com.facebook.Upcoming-Events";
				PRODUCT_NAME = "Events by Facebook";
				SWIFT_VERSION = 5.0;
				TARGETED_DEVICE_FAMILY = "1,2";
			};
			name = Release;
		};
		7B631AFD23720C7D00E96734 /* Debug */ = {
			isa = XCBuildConfiguration;
			buildSettings = {
				ALWAYS_EMBED_SWIFT_STANDARD_LIBRARIES = YES;
				BUNDLE_LOADER = "$(TEST_HOST)";
				CODE_SIGN_STYLE = Automatic;
				DEVELOPMENT_TEAM = 845286AR5X;
				INFOPLIST_FILE = "Upcoming EventsTests/Info.plist";
				IPHONEOS_DEPLOYMENT_TARGET = 13.2;
				LD_RUNPATH_SEARCH_PATHS = (
					"$(inherited)",
					"@executable_path/Frameworks",
					"@loader_path/Frameworks",
				);
				PRODUCT_BUNDLE_IDENTIFIER = "com.facebook.Upcoming-EventsTests";
				PRODUCT_NAME = "$(TARGET_NAME)";
				SWIFT_VERSION = 5.0;
				TARGETED_DEVICE_FAMILY = "1,2";
				TEST_HOST = "$(BUILT_PRODUCTS_DIR)/Upcoming Events.app/Upcoming Events";
			};
			name = Debug;
		};
		7B631AFE23720C7D00E96734 /* Release */ = {
			isa = XCBuildConfiguration;
			buildSettings = {
				ALWAYS_EMBED_SWIFT_STANDARD_LIBRARIES = YES;
				BUNDLE_LOADER = "$(TEST_HOST)";
				CODE_SIGN_STYLE = Automatic;
				DEVELOPMENT_TEAM = 845286AR5X;
				INFOPLIST_FILE = "Upcoming EventsTests/Info.plist";
				IPHONEOS_DEPLOYMENT_TARGET = 13.2;
				LD_RUNPATH_SEARCH_PATHS = (
					"$(inherited)",
					"@executable_path/Frameworks",
					"@loader_path/Frameworks",
				);
				PRODUCT_BUNDLE_IDENTIFIER = "com.facebook.Upcoming-EventsTests";
				PRODUCT_NAME = "$(TARGET_NAME)";
				SWIFT_VERSION = 5.0;
				TARGETED_DEVICE_FAMILY = "1,2";
				TEST_HOST = "$(BUILT_PRODUCTS_DIR)/Upcoming Events.app/Upcoming Events";
			};
			name = Release;
		};
/* End XCBuildConfiguration section */

/* Begin XCConfigurationList section */
		7B631AD523720C7B00E96734 /* Build configuration list for PBXProject "Upcoming Events" */ = {
			isa = XCConfigurationList;
			buildConfigurations = (
				7B631AF723720C7D00E96734 /* Debug */,
				7B631AF823720C7D00E96734 /* Release */,
			);
			defaultConfigurationIsVisible = 0;
			defaultConfigurationName = Release;
		};
		7B631AF923720C7D00E96734 /* Build configuration list for PBXNativeTarget "Upcoming Events" */ = {
			isa = XCConfigurationList;
			buildConfigurations = (
				7B631AFA23720C7D00E96734 /* Debug */,
				7B631AFB23720C7D00E96734 /* Release */,
			);
			defaultConfigurationIsVisible = 0;
			defaultConfigurationName = Release;
		};
		7B631AFC23720C7D00E96734 /* Build configuration list for PBXNativeTarget "Upcoming EventsTests" */ = {
			isa = XCConfigurationList;
			buildConfigurations = (
				7B631AFD23720C7D00E96734 /* Debug */,
				7B631AFE23720C7D00E96734 /* Release */,
			);
			defaultConfigurationIsVisible = 0;
			defaultConfigurationName = Release;
		};
/* End XCConfigurationList section */
	};
	rootObject = 7B631AD223720C7B00E96734 /* Project object */;
}
